{
    "name": "Bolita Launcher",
    "version": "1.0.0",
    "lockfileVersion": 1,
    "requires": true,
    "dependencies": {
      "@types/chrome": {
        "version": "0.0.106",
        "resolved": "https://registry.npmjs.org/@types/chrome/-/chrome-0.0.106.tgz",
        "integrity": "sha512-sCQa+QJL/Kl+6ngU4xD1VjTFIkQDizOHN94zbb7byK9D3U79x/KXjqXyS7lHoa2q9xw3bWePb+giLhBKOILRuA==",
        "requires": {
          "@types/filesystem": "*",
          "@types/har-format": "*"
        }
      }
    }
  }